
Microsoft Visual Studio Solution File, Format Version 12.00
# Visual Studio 15
VisualStudioVersion = 15.0.27130.2036
MinimumVisualStudioVersion = 10.0.40219.1
Project("{9A19103F-16F7-4668-BE54-9A1E7A4F7556}") = "eShopApi", "eShopApi\eShopApi.csproj", "{5CDE9589-2A83-45D7-9DC1-8C25DBBBB757}"
EndProject
Global
	GlobalSection(SolutionConfigurationPlatforms) = preSolution
		Debug|Any CPU = Debug|Any CPU
		Release|Any CPU = Release|Any CPU
	EndGlobalSection
	GlobalSection(ProjectConfigurationPlatforms) = postSolution
		{5CDE9589-2A83-45D7-9DC1-8C25DBBBB757}.Debug|Any CPU.ActiveCfg = Debug|Any CPU
		{5CDE9589-2A83-45D7-9DC1-8C25DBBBB757}.Debug|Any CPU.Build.0 = Debug|Any CPU
		{5CDE9589-2A83-45D7-9DC1-8C25DBBBB757}.Release|Any CPU.ActiveCfg = Release|Any CPU
		{5CDE9589-2A83-45D7-9DC1-8C25DBBBB757}.Release|Any CPU.Build.0 = Release|Any CPU
	EndGlobalSection
	GlobalSection(SolutionProperties) = preSolution
		HideSolutionNode = FALSE
	EndGlobalSection
	GlobalSection(ExtensibilityGlobals) = postSolution
		SolutionGuid = {228F7626-2F2A-4B1D-8867-7163C24DD4C3}
	EndGlobalSection
EndGlobal
